
Microsoft Visual Studio Solution File, Format Version 12.00
# Visual Studio Version 17
VisualStudioVersion = 17.7.33808.371
MinimumVisualStudioVersion = 10.0.40219.1
Project("{FAE04EC0-301F-11D3-BF4B-00C04F79EFBC}") = "BulkyWeb", "BulkyWeb\BulkyWeb.csproj", "{A58F3E4F-DC90-4173-99B4-5D2E5684B41B}"
EndProject
Global
	GlobalSection(SolutionConfigurationPlatforms) = preSolution
		Debug|Any CPU = Debug|Any CPU
		Release|Any CPU = Release|Any CPU
	EndGlobalSection
	GlobalSection(ProjectConfigurationPlatforms) = postSolution
		{A58F3E4F-DC90-4173-99B4-5D2E5684B41B}.Debug|Any CPU.ActiveCfg = Debug|Any CPU
		{A58F3E4F-DC90-4173-99B4-5D2E5684B41B}.Debug|Any CPU.Build.0 = Debug|Any CPU
		{A58F3E4F-DC90-4173-99B4-5D2E5684B41B}.Release|Any CPU.ActiveCfg = Release|Any CPU
		{A58F3E4F-DC90-4173-99B4-5D2E5684B41B}.Release|Any CPU.Build.0 = Release|Any CPU
	EndGlobalSection
	GlobalSection(SolutionProperties) = preSolution
		HideSolutionNode = FALSE
	EndGlobalSection
	GlobalSection(ExtensibilityGlobals) = postSolution
		SolutionGuid = {EE42AFEB-1415-40BB-958B-E327F49A93C5}
	EndGlobalSection
EndGlobal
